
Microsoft Visual Studio Solution File, Format Version 12.00
# Visual Studio Version 17
VisualStudioVersion = 17.11.35312.102
MinimumVisualStudioVersion = 10.0.40219.1
Project("{FAE04EC0-301F-11D3-BF4B-00C04F79EFBC}") = "UwaziTech", "UwaziTech\UwaziTech.csproj", "{EDEB4878-0FFB-4F9C-B94A-050393419555}"
EndProject
Global
	GlobalSection(SolutionConfigurationPlatforms) = preSolution
		Debug|Any CPU = Debug|Any CPU
		Release|Any CPU = Release|Any CPU
	EndGlobalSection
	GlobalSection(ProjectConfigurationPlatforms) = postSolution
		{EDEB4878-0FFB-4F9C-B94A-050393419555}.Debug|Any CPU.ActiveCfg = Debug|Any CPU
		{EDEB4878-0FFB-4F9C-B94A-050393419555}.Debug|Any CPU.Build.0 = Debug|Any CPU
		{EDEB4878-0FFB-4F9C-B94A-050393419555}.Release|Any CPU.ActiveCfg = Release|Any CPU
		{EDEB4878-0FFB-4F9C-B94A-050393419555}.Release|Any CPU.Build.0 = Release|Any CPU
	EndGlobalSection
	GlobalSection(SolutionProperties) = preSolution
		HideSolutionNode = FALSE
	EndGlobalSection
	GlobalSection(ExtensibilityGlobals) = postSolution
		SolutionGuid = {8291CFE9-E6BD-4161-93C9-AE5DC7C350F1}
	EndGlobalSection
EndGlobal
